
Microsoft Visual Studio Solution File, Format Version 10.00
# Visual Studio 2008
Project("{8BC9CEB8-8B4A-11D0-8D11-00A0C91BC942}") = "problem1", "problem1\problem1.vcproj", "{E472A656-097E-46CF-88F6-00BA27BAA5EE}"
EndProject
Global
	GlobalSection(SolutionConfigurationPlatforms) = preSolution
		Debug|Win32 = Debug|Win32
		Release|Win32 = Release|Win32
	EndGlobalSection
	GlobalSection(ProjectConfigurationPlatforms) = postSolution
		{E472A656-097E-46CF-88F6-00BA27BAA5EE}.Debug|Win32.ActiveCfg = Debug|Win32
		{E472A656-097E-46CF-88F6-00BA27BAA5EE}.Debug|Win32.Build.0 = Debug|Win32
		{E472A656-097E-46CF-88F6-00BA27BAA5EE}.Release|Win32.ActiveCfg = Release|Win32
		{E472A656-097E-46CF-88F6-00BA27BAA5EE}.Release|Win32.Build.0 = Release|Win32
	EndGlobalSection
	GlobalSection(SolutionProperties) = preSolution
		HideSolutionNode = FALSE
	EndGlobalSection
EndGlobal
