
Microsoft Visual Studio Solution File, Format Version 10.00
# Visual Studio 2008
Project("{8BC9CEB8-8B4A-11D0-8D11-00A0C91BC942}") = "problem1", "problem1\problem1.vcproj", "{AC61C12E-F4EF-4B11-8234-73761CB712B4}"
EndProject
Global
	GlobalSection(SolutionConfigurationPlatforms) = preSolution
		Debug|Win32 = Debug|Win32
		Release|Win32 = Release|Win32
	EndGlobalSection
	GlobalSection(ProjectConfigurationPlatforms) = postSolution
		{AC61C12E-F4EF-4B11-8234-73761CB712B4}.Debug|Win32.ActiveCfg = Debug|Win32
		{AC61C12E-F4EF-4B11-8234-73761CB712B4}.Debug|Win32.Build.0 = Debug|Win32
		{AC61C12E-F4EF-4B11-8234-73761CB712B4}.Release|Win32.ActiveCfg = Release|Win32
		{AC61C12E-F4EF-4B11-8234-73761CB712B4}.Release|Win32.Build.0 = Release|Win32
	EndGlobalSection
	GlobalSection(SolutionProperties) = preSolution
		HideSolutionNode = FALSE
	EndGlobalSection
EndGlobal
